
Microsoft Visual Studio Solution File, Format Version 12.00
# Visual Studio Version 16
VisualStudioVersion = 16.0.31829.152
MinimumVisualStudioVersion = 10.0.40219.1
Project("{FAE04EC0-301F-11D3-BF4B-00C04F79EFBC}") = "Lab_17Wpf", "Lab_17Wpf\Lab_17Wpf.csproj", "{D0C3D117-548E-414C-91AF-9FEF7E1CEC68}"
EndProject
Global
	GlobalSection(SolutionConfigurationPlatforms) = preSolution
		Debug|Any CPU = Debug|Any CPU
		Release|Any CPU = Release|Any CPU
	EndGlobalSection
	GlobalSection(ProjectConfigurationPlatforms) = postSolution
		{D0C3D117-548E-414C-91AF-9FEF7E1CEC68}.Debug|Any CPU.ActiveCfg = Debug|Any CPU
		{D0C3D117-548E-414C-91AF-9FEF7E1CEC68}.Debug|Any CPU.Build.0 = Debug|Any CPU
		{D0C3D117-548E-414C-91AF-9FEF7E1CEC68}.Release|Any CPU.ActiveCfg = Release|Any CPU
		{D0C3D117-548E-414C-91AF-9FEF7E1CEC68}.Release|Any CPU.Build.0 = Release|Any CPU
	EndGlobalSection
	GlobalSection(SolutionProperties) = preSolution
		HideSolutionNode = FALSE
	EndGlobalSection
	GlobalSection(ExtensibilityGlobals) = postSolution
		SolutionGuid = {B5242D7D-BB83-4C8D-83A6-28F07FB154BE}
	EndGlobalSection
EndGlobal
